
Microsoft Visual Studio Solution File, Format Version 12.00
# Visual Studio Version 16
VisualStudioVersion = 16.0.31313.79
MinimumVisualStudioVersion = 15.0.26124.0
Project("{9A19103F-16F7-4668-BE54-9A1E7A4F7556}") = "strings-api", "strings-api\strings-api.csproj", "{BD8E9A41-A2E5-4E50-80F7-5B0148104496}"
EndProject
Project("{9A19103F-16F7-4668-BE54-9A1E7A4F7556}") = "strings-frontend", "strings-frontend\strings-frontend.csproj", "{F0D4C310-6D4B-4939-AD10-B32F4D90CC3A}"
EndProject
Global
	GlobalSection(SolutionConfigurationPlatforms) = preSolution
		Debug|Any CPU = Debug|Any CPU
		Debug|x64 = Debug|x64
		Debug|x86 = Debug|x86
		Release|Any CPU = Release|Any CPU
		Release|x64 = Release|x64
		Release|x86 = Release|x86
	EndGlobalSection
	GlobalSection(ProjectConfigurationPlatforms) = postSolution
		{BD8E9A41-A2E5-4E50-80F7-5B0148104496}.Debug|Any CPU.ActiveCfg = Debug|Any CPU
		{BD8E9A41-A2E5-4E50-80F7-5B0148104496}.Debug|Any CPU.Build.0 = Debug|Any CPU
		{BD8E9A41-A2E5-4E50-80F7-5B0148104496}.Debug|x64.ActiveCfg = Debug|Any CPU
		{BD8E9A41-A2E5-4E50-80F7-5B0148104496}.Debug|x64.Build.0 = Debug|Any CPU
		{BD8E9A41-A2E5-4E50-80F7-5B0148104496}.Debug|x86.ActiveCfg = Debug|Any CPU
		{BD8E9A41-A2E5-4E50-80F7-5B0148104496}.Debug|x86.Build.0 = Debug|Any CPU
		{BD8E9A41-A2E5-4E50-80F7-5B0148104496}.Release|Any CPU.ActiveCfg = Release|Any CPU
		{BD8E9A41-A2E5-4E50-80F7-5B0148104496}.Release|Any CPU.Build.0 = Release|Any CPU
		{BD8E9A41-A2E5-4E50-80F7-5B0148104496}.Release|x64.ActiveCfg = Release|Any CPU
		{BD8E9A41-A2E5-4E50-80F7-5B0148104496}.Release|x64.Build.0 = Release|Any CPU
		{BD8E9A41-A2E5-4E50-80F7-5B0148104496}.Release|x86.ActiveCfg = Release|Any CPU
		{BD8E9A41-A2E5-4E50-80F7-5B0148104496}.Release|x86.Build.0 = Release|Any CPU
		{F0D4C310-6D4B-4939-AD10-B32F4D90CC3A}.Debug|Any CPU.ActiveCfg = Debug|Any CPU
		{F0D4C310-6D4B-4939-AD10-B32F4D90CC3A}.Debug|Any CPU.Build.0 = Debug|Any CPU
		{F0D4C310-6D4B-4939-AD10-B32F4D90CC3A}.Debug|x64.ActiveCfg = Debug|Any CPU
		{F0D4C310-6D4B-4939-AD10-B32F4D90CC3A}.Debug|x64.Build.0 = Debug|Any CPU
		{F0D4C310-6D4B-4939-AD10-B32F4D90CC3A}.Debug|x86.ActiveCfg = Debug|Any CPU
		{F0D4C310-6D4B-4939-AD10-B32F4D90CC3A}.Debug|x86.Build.0 = Debug|Any CPU
		{F0D4C310-6D4B-4939-AD10-B32F4D90CC3A}.Release|Any CPU.ActiveCfg = Release|Any CPU
		{F0D4C310-6D4B-4939-AD10-B32F4D90CC3A}.Release|Any CPU.Build.0 = Release|Any CPU
		{F0D4C310-6D4B-4939-AD10-B32F4D90CC3A}.Release|x64.ActiveCfg = Release|Any CPU
		{F0D4C310-6D4B-4939-AD10-B32F4D90CC3A}.Release|x64.Build.0 = Release|Any CPU
		{F0D4C310-6D4B-4939-AD10-B32F4D90CC3A}.Release|x86.ActiveCfg = Release|Any CPU
		{F0D4C310-6D4B-4939-AD10-B32F4D90CC3A}.Release|x86.Build.0 = Release|Any CPU
	EndGlobalSection
	GlobalSection(SolutionProperties) = preSolution
		HideSolutionNode = FALSE
	EndGlobalSection
	GlobalSection(ExtensibilityGlobals) = postSolution
		SolutionGuid = {0BD05F55-13BB-42E5-82AD-2A31F060E8CE}
	EndGlobalSection
EndGlobal
